
Microsoft Visual Studio Solution File, Format Version 12.00
# Visual Studio Version 16
VisualStudioVersion = 16.0.31624.102
MinimumVisualStudioVersion = 10.0.40219.1
Project("{FAE04EC0-301F-11D3-BF4B-00C04F79EFBC}") = "CIS_264_Price_APP", "CIS_264_Price_APP\CIS_264_Price_APP.csproj", "{A8CD11E8-F5B3-4C55-B8B6-F8D8D50612D6}"
EndProject
Global
	GlobalSection(SolutionConfigurationPlatforms) = preSolution
		Debug|Any CPU = Debug|Any CPU
		Release|Any CPU = Release|Any CPU
	EndGlobalSection
	GlobalSection(ProjectConfigurationPlatforms) = postSolution
		{A8CD11E8-F5B3-4C55-B8B6-F8D8D50612D6}.Debug|Any CPU.ActiveCfg = Debug|Any CPU
		{A8CD11E8-F5B3-4C55-B8B6-F8D8D50612D6}.Debug|Any CPU.Build.0 = Debug|Any CPU
		{A8CD11E8-F5B3-4C55-B8B6-F8D8D50612D6}.Release|Any CPU.ActiveCfg = Release|Any CPU
		{A8CD11E8-F5B3-4C55-B8B6-F8D8D50612D6}.Release|Any CPU.Build.0 = Release|Any CPU
	EndGlobalSection
	GlobalSection(SolutionProperties) = preSolution
		HideSolutionNode = FALSE
	EndGlobalSection
	GlobalSection(ExtensibilityGlobals) = postSolution
		SolutionGuid = {0B4ADD9C-FC0C-42D4-BCE5-08481610B95E}
	EndGlobalSection
EndGlobal
